{
  "project": "mrn-recaptcha-enterprise-manager",
  "release_unit": "standalone-plugin",
  "baseline": {
    "pinned_at": "2026-06-30",
    "repo_path": "/Users/khofmeyer/Development/MRN/plugins/mrn-recaptcha-enterprise-manager",
    "integration_target": "mrn-plugin-stack",
    "integration_mode": "in-repo-plugin",
    "plugin_version": "0.1.1"
  }
}
